
Microsoft Visual Studio Solution File, Format Version 12.00
# Visual Studio 15
VisualStudioVersion = 15.0.27703.2042
MinimumVisualStudioVersion = 10.0.40219.1
Project("{FAE04EC0-301F-11D3-BF4B-00C04F79EFBC}") = "TodoNotes", "TodoNotes\TodoNotes.csproj", "{605A05C5-1B2B-41F4-B973-E68138248F97}"
EndProject
Global
	GlobalSection(SolutionConfigurationPlatforms) = preSolution
		Debug|Any CPU = Debug|Any CPU
		Release|Any CPU = Release|Any CPU
	EndGlobalSection
	GlobalSection(ProjectConfigurationPlatforms) = postSolution
		{605A05C5-1B2B-41F4-B973-E68138248F97}.Debug|Any CPU.ActiveCfg = Debug|Any CPU
		{605A05C5-1B2B-41F4-B973-E68138248F97}.Debug|Any CPU.Build.0 = Debug|Any CPU
		{605A05C5-1B2B-41F4-B973-E68138248F97}.Release|Any CPU.ActiveCfg = Release|Any CPU
		{605A05C5-1B2B-41F4-B973-E68138248F97}.Release|Any CPU.Build.0 = Release|Any CPU
	EndGlobalSection
	GlobalSection(SolutionProperties) = preSolution
		HideSolutionNode = FALSE
	EndGlobalSection
	GlobalSection(ExtensibilityGlobals) = postSolution
		SolutionGuid = {BDFCC372-8EC4-45DF-A97B-58904B976B4A}
	EndGlobalSection
EndGlobal
